// !$*UTF8*$!
{
	archiveVersion = 1;
	classes = {
	};
	objectVersion = 50;
	objects = {

/* Begin PBXBuildFile section */
		3443ECC6269C627A0095CADD /* Extension.swift in Sources */ = {isa = PBXBuildFile; fileRef = 3443ECC5269C627A0095CADD /* Extension.swift */; };
		34813BB926A4587C0039FD6C /* Refresh.swift in Sources */ = {isa = PBXBuildFile; fileRef = 34813BB826A4587C0039FD6C /* Refresh.swift */; };
		34A45AD2270959C200F87D45 /* PersonalInfo.swift in Sources */ = {isa = PBXBuildFile; fileRef = 34A45AD1270959C200F87D45 /* PersonalInfo.swift */; };
		34ABF8B32667DE7500BC055D /* HRCApp.swift in Sources */ = {isa = PBXBuildFile; fileRef = 34ABF8B22667DE7500BC055D /* HRCApp.swift */; };
		34ABF8B52667DE7500BC055D /* ContentView.swift in Sources */ = {isa = PBXBuildFile; fileRef = 34ABF8B42667DE7500BC055D /* ContentView.swift */; };
		34ABF8B72667DE7800BC055D /* Assets.xcassets in Resources */ = {isa = PBXBuildFile; fileRef = 34ABF8B62667DE7800BC055D /* Assets.xcassets */; };
		34ABF8BA2667DE7800BC055D /* Preview Assets.xcassets in Resources */ = {isa = PBXBuildFile; fileRef = 34ABF8B92667DE7800BC055D /* Preview Assets.xcassets */; };
		34ABF8C32667DEBA00BC055D /* ToggleView.swift in Sources */ = {isa = PBXBuildFile; fileRef = 34ABF8C22667DEBA00BC055D /* ToggleView.swift */; };
/* End PBXBuildFile section */

/* Begin PBXFileReference section */
		3443ECC5269C627A0095CADD /* Extension.swift */ = {isa = PBXFileReference; lastKnownFileType = sourcecode.swift; path = Extension.swift; sourceTree = "<group>"; };
		34813BB826A4587C0039FD6C /* Refresh.swift */ = {isa = PBXFileReference; lastKnownFileType = sourcecode.swift; path = Refresh.swift; sourceTree = "<group>"; };
		34A45AD1270959C200F87D45 /* PersonalInfo.swift */ = {isa = PBXFileReference; lastKnownFileType = sourcecode.swift; path = PersonalInfo.swift; sourceTree = "<group>"; };
		34ABF8AF2667DE7500BC055D /* HRC.app */ = {isa = PBXFileReference; explicitFileType = wrapper.application; includeInIndex = 0; path = HRC.app; sourceTree = BUILT_PRODUCTS_DIR; };
		34ABF8B22667DE7500BC055D /* HRCApp.swift */ = {isa = PBXFileReference; lastKnownFileType = sourcecode.swift; path = HRCApp.swift; sourceTree = "<group>"; };
		34ABF8B42667DE7500BC055D /* ContentView.swift */ = {isa = PBXFileReference; lastKnownFileType = sourcecode.swift; path = ContentView.swift; sourceTree = "<group>"; };
		34ABF8B62667DE7800BC055D /* Assets.xcassets */ = {isa = PBXFileReference; lastKnownFileType = folder.assetcatalog; path = Assets.xcassets; sourceTree = "<group>"; };
		34ABF8B92667DE7800BC055D /* Preview Assets.xcassets */ = {isa = PBXFileReference; lastKnownFileType = folder.assetcatalog; path = "Preview Assets.xcassets"; sourceTree = "<group>"; };
		34ABF8BB2667DE7800BC055D /* Info.plist */ = {isa = PBXFileReference; lastKnownFileType = text.plist.xml; path = Info.plist; sourceTree = "<group>"; };
		34ABF8C22667DEBA00BC055D /* ToggleView.swift */ = {isa = PBXFileReference; lastKnownFileType = sourcecode.swift; path = ToggleView.swift; sourceTree = "<group>"; };
/* End PBXFileReference section */

/* Begin PBXFrameworksBuildPhase section */
		34ABF8AC2667DE7500BC055D /* Frameworks */ = {
			isa = PBXFrameworksBuildPhase;
			buildActionMask = 2147483647;
			files = (
			);
			runOnlyForDeploymentPostprocessing = 0;
		};
/* End PBXFrameworksBuildPhase section */

/* Begin PBXGroup section */
		34ABF8A62667DE7500BC055D = {
			isa = PBXGroup;
			children = (
				34ABF8B12667DE7500BC055D /* HRC */,
				34ABF8B02667DE7500BC055D /* Products */,
			);
			sourceTree = "<group>";
		};
		34ABF8B02667DE7500BC055D /* Products */ = {
			isa = PBXGroup;
			children = (
				34ABF8AF2667DE7500BC055D /* HRC.app */,
			);
			name = Products;
			sourceTree = "<group>";
		};
		34ABF8B12667DE7500BC055D /* HRC */ = {
			isa = PBXGroup;
			children = (
				34ABF8B22667DE7500BC055D /* HRCApp.swift */,
				34ABF8B42667DE7500BC055D /* ContentView.swift */,
				34ABF8C22667DEBA00BC055D /* ToggleView.swift */,
				34813BB826A4587C0039FD6C /* Refresh.swift */,
				34A45AD1270959C200F87D45 /* PersonalInfo.swift */,
				3443ECC5269C627A0095CADD /* Extension.swift */,
				34ABF8B62667DE7800BC055D /* Assets.xcassets */,
				34ABF8BB2667DE7800BC055D /* Info.plist */,
				34ABF8B82667DE7800BC055D /* Preview Content */,
			);
			path = HRC;
			sourceTree = "<group>";
		};
		34ABF8B82667DE7800BC055D /* Preview Content */ = {
			isa = PBXGroup;
			children = (
				34ABF8B92667DE7800BC055D /* Preview Assets.xcassets */,
			);
			path = "Preview Content";
			sourceTree = "<group>";
		};
/* End PBXGroup section */

/* Begin PBXNativeTarget section */
		34ABF8AE2667DE7500BC055D /* HRC */ = {
			isa = PBXNativeTarget;
			buildConfigurationList = 34ABF8BE2667DE7800BC055D /* Build configuration list for PBXNativeTarget "HRC" */;
			buildPhases = (
				34ABF8AB2667DE7500BC055D /* Sources */,
				34ABF8AC2667DE7500BC055D /* Frameworks */,
				34ABF8AD2667DE7500BC055D /* Resources */,
			);
			buildRules = (
			);
			dependencies = (
			);
			name = HRC;
			productName = HRC;
			productReference = 34ABF8AF2667DE7500BC055D /* HRC.app */;
			productType = "com.apple.product-type.application";
		};
/* End PBXNativeTarget section */

/* Begin PBXProject section */
		34ABF8A72667DE7500BC055D /* Project object */ = {
			isa = PBXProject;
			attributes = {
				LastSwiftUpdateCheck = 1240;
				LastUpgradeCheck = 1240;
				TargetAttributes = {
					34ABF8AE2667DE7500BC055D = {
						CreatedOnToolsVersion = 12.4;
					};
				};
			};
			buildConfigurationList = 34ABF8AA2667DE7500BC055D /* Build configuration list for PBXProject "HRC" */;
			compatibilityVersion = "Xcode 9.3";
			developmentRegion = en;
			hasScannedForEncodings = 0;
			knownRegions = (
				en,
				Base,
			);
			mainGroup = 34ABF8A62667DE7500BC055D;
			productRefGroup = 34ABF8B02667DE7500BC055D /* Products */;
			projectDirPath = "";
			projectRoot = "";
			targets = (
				34ABF8AE2667DE7500BC055D /* HRC */,
			);
		};
/* End PBXProject section */

/* Begin PBXResourcesBuildPhase section */
		34ABF8AD2667DE7500BC055D /* Resources */ = {
			isa = PBXResourcesBuildPhase;
			buildActionMask = 2147483647;
			files = (
				34ABF8BA2667DE7800BC055D /* Preview Assets.xcassets in Resources */,
				34ABF8B72667DE7800BC055D /* Assets.xcassets in Resources */,
			);
			runOnlyForDeploymentPostprocessing = 0;
		};
/* End PBXResourcesBuildPhase section */

/* Begin PBXSourcesBuildPhase section */
		34ABF8AB2667DE7500BC055D /* Sources */ = {
			isa = PBXSourcesBuildPhase;
			buildActionMask = 2147483647;
			files = (
				3443ECC6269C627A0095CADD /* Extension.swift in Sources */,
				34ABF8B52667DE7500BC055D /* ContentView.swift in Sources */,
				34813BB926A4587C0039FD6C /* Refresh.swift in Sources */,
				34ABF8C32667DEBA00BC055D /* ToggleView.swift in Sources */,
				34ABF8B32667DE7500BC055D /* HRCApp.swift in Sources */,
				34A45AD2270959C200F87D45 /* PersonalInfo.swift in Sources */,
			);
			runOnlyForDeploymentPostprocessing = 0;
		};
/* End PBXSourcesBuildPhase section */

/* Begin XCBuildConfiguration section */
		34ABF8BC2667DE7800BC055D /* Debug */ = {
			isa = XCBuildConfiguration;
			buildSettings = {
				ALWAYS_SEARCH_USER_PATHS = NO;
				CLANG_ANALYZER_NONNULL = YES;
				CLANG_ANALYZER_NUMBER_OBJECT_CONVERSION = YES_AGGRESSIVE;
				CLANG_CXX_LANGUAGE_STANDARD = "gnu++14";
				CLANG_CXX_LIBRARY = "libc++";
				CLANG_ENABLE_MODULES = YES;
				CLANG_ENABLE_OBJC_ARC = YES;
				CLANG_ENABLE_OBJC_WEAK = YES;
				CLANG_WARN_BLOCK_CAPTURE_AUTORELEASING = YES;
				CLANG_WARN_BOOL_CONVERSION = YES;
				CLANG_WARN_COMMA = YES;
				CLANG_WARN_CONSTANT_CONVERSION = YES;
				CLANG_WARN_DEPRECATED_OBJC_IMPLEMENTATIONS = YES;
				CLANG_WARN_DIRECT_OBJC_ISA_USAGE = YES_ERROR;
				CLANG_WARN_DOCUMENTATION_COMMENTS = YES;
				CLANG_WARN_EMPTY_BODY = YES;
				CLANG_WARN_ENUM_CONVERSION = YES;
				CLANG_WARN_INFINITE_RECURSION = YES;
				CLANG_WARN_INT_CONVERSION = YES;
				CLANG_WARN_NON_LITERAL_NULL_CONVERSION = YES;
				CLANG_WARN_OBJC_IMPLICIT_RETAIN_SELF = YES;
				CLANG_WARN_OBJC_LITERAL_CONVERSION = YES;
				CLANG_WARN_OBJC_ROOT_CLASS = YES_ERROR;
				CLANG_WARN_QUOTED_INCLUDE_IN_FRAMEWORK_HEADER = YES;
				CLANG_WARN_RANGE_LOOP_ANALYSIS = YES;
				CLANG_WARN_STRICT_PROTOTYPES = YES;
				CLANG_WARN_SUSPICIOUS_MOVE = YES;
				CLANG_WARN_UNGUARDED_AVAILABILITY = YES_AGGRESSIVE;
				CLANG_WARN_UNREACHABLE_CODE = YES;
				CLANG_WARN__DUPLICATE_METHOD_MATCH = YES;
				COPY_PHASE_STRIP = NO;
				DEBUG_INFORMATION_FORMAT = dwarf;
				ENABLE_STRICT_OBJC_MSGSEND = YES;
				ENABLE_TESTABILITY = YES;
				GCC_C_LANGUAGE_STANDARD = gnu11;
				GCC_DYNAMIC_NO_PIC = NO;
				GCC_NO_COMMON_BLOCKS = YES;
				GCC_OPTIMIZATION_LEVEL = 0;
				GCC_PREPROCESSOR_DEFINITIONS = (
					"DEBUG=1",
					"$(inherited)",
				);
				GCC_WARN_64_TO_32_BIT_CONVERSION = YES;
				GCC_WARN_ABOUT_RETURN_TYPE = YES_ERROR;
				GCC_WARN_UNDECLARED_SELECTOR = YES;
				GCC_WARN_UNINITIALIZED_AUTOS = YES_AGGRESSIVE;
				GCC_WARN_UNUSED_FUNCTION = YES;
				GCC_WARN_UNUSED_VARIABLE = YES;
				IPHONEOS_DEPLOYMENT_TARGET = 14.4;
				MTL_ENABLE_DEBUG_INFO = INCLUDE_SOURCE;
				MTL_FAST_MATH = YES;
				ONLY_ACTIVE_ARCH = YES;
				SDKROOT = iphoneos;
				SWIFT_ACTIVE_COMPILATION_CONDITIONS = DEBUG;
				SWIFT_OPTIMIZATION_LEVEL = "-Onone";
			};
			name = Debug;
		};
		34ABF8BD2667DE7800BC055D /* Release */ = {
			isa = XCBuildConfiguration;
			buildSettings = {
				ALWAYS_SEARCH_USER_PATHS = NO;
				CLANG_ANALYZER_NONNULL = YES;
				CLANG_ANALYZER_NUMBER_OBJECT_CONVERSION = YES_AGGRESSIVE;
				CLANG_CXX_LANGUAGE_STANDARD = "gnu++14";
				CLANG_CXX_LIBRARY = "libc++";
				CLANG_ENABLE_MODULES = YES;
				CLANG_ENABLE_OBJC_ARC = YES;
				CLANG_ENABLE_OBJC_WEAK = YES;
				CLANG_WARN_BLOCK_CAPTURE_AUTORELEASING = YES;
				CLANG_WARN_BOOL_CONVERSION = YES;
				CLANG_WARN_COMMA = YES;
				CLANG_WARN_CONSTANT_CONVERSION = YES;
				CLANG_WARN_DEPRECATED_OBJC_IMPLEMENTATIONS = YES;
				CLANG_WARN_DIRECT_OBJC_ISA_USAGE = YES_ERROR;
				CLANG_WARN_DOCUMENTATION_COMMENTS = YES;
				CLANG_WARN_EMPTY_BODY = YES;
				CLANG_WARN_ENUM_CONVERSION = YES;
				CLANG_WARN_INFINITE_RECURSION = YES;
				CLANG_WARN_INT_CONVERSION = YES;
				CLANG_WARN_NON_LITERAL_NULL_CONVERSION = YES;
				CLANG_WARN_OBJC_IMPLICIT_RETAIN_SELF = YES;
				CLANG_WARN_OBJC_LITERAL_CONVERSION = YES;
				CLANG_WARN_OBJC_ROOT_CLASS = YES_ERROR;
				CLANG_WARN_QUOTED_INCLUDE_IN_FRAMEWORK_HEADER = YES;
				CLANG_WARN_RANGE_LOOP_ANALYSIS = YES;
				CLANG_WARN_STRICT_PROTOTYPES = YES;
				CLANG_WARN_SUSPICIOUS_MOVE = YES;
				CLANG_WARN_UNGUARDED_AVAILABILITY = YES_AGGRESSIVE;
				CLANG_WARN_UNREACHABLE_CODE = YES;
				CLANG_WARN__DUPLICATE_METHOD_MATCH = YES;
				COPY_PHASE_STRIP = NO;
				DEBUG_INFORMATION_FORMAT = "dwarf-with-dsym";
				ENABLE_NS_ASSERTIONS = NO;
				ENABLE_STRICT_OBJC_MSGSEND = YES;
				GCC_C_LANGUAGE_STANDARD = gnu11;
				GCC_NO_COMMON_BLOCKS = YES;
				GCC_WARN_64_TO_32_BIT_CONVERSION = YES;
				GCC_WARN_ABOUT_RETURN_TYPE = YES_ERROR;
				GCC_WARN_UNDECLARED_SELECTOR = YES;
				GCC_WARN_UNINITIALIZED_AUTOS = YES_AGGRESSIVE;
				GCC_WARN_UNUSED_FUNCTION = YES;
				GCC_WARN_UNUSED_VARIABLE = YES;
				IPHONEOS_DEPLOYMENT_TARGET = 14.4;
				MTL_ENABLE_DEBUG_INFO = NO;
				MTL_FAST_MATH = YES;
				SDKROOT = iphoneos;
				SWIFT_COMPILATION_MODE = wholemodule;
				SWIFT_OPTIMIZATION_LEVEL = "-O";
				VALIDATE_PRODUCT = YES;
			};
			name = Release;
		};
		34ABF8BF2667DE7800BC055D /* Debug */ = {
			isa = XCBuildConfiguration;
			buildSettings = {
				ASSETCATALOG_COMPILER_APPICON_NAME = AppIcon;
				ASSETCATALOG_COMPILER_GLOBAL_ACCENT_COLOR_NAME = AccentColor;
				CODE_SIGN_STYLE = Automatic;
				DEVELOPMENT_ASSET_PATHS = "\"HRC/Preview Content\"";
				DEVELOPMENT_TEAM = LGU69RG34G;
				ENABLE_PREVIEWS = YES;
				INFOPLIST_FILE = HRC/Info.plist;
				IPHONEOS_DEPLOYMENT_TARGET = 14.0;
				LD_RUNPATH_SEARCH_PATHS = (
					"$(inherited)",
					"@executable_path/Frameworks",
				);
				PRODUCT_BUNDLE_IDENTIFIER = com.Taeminator.HRC;
				PRODUCT_NAME = "$(TARGET_NAME)";
				SWIFT_VERSION = 5.0;
				TARGETED_DEVICE_FAMILY = "1,2";
			};
			name = Debug;
		};
		34ABF8C02667DE7800BC055D /* Release */ = {
			isa = XCBuildConfiguration;
			buildSettings = {
				ASSETCATALOG_COMPILER_APPICON_NAME = AppIcon;
				ASSETCATALOG_COMPILER_GLOBAL_ACCENT_COLOR_NAME = AccentColor;
				CODE_SIGN_STYLE = Automatic;
				DEVELOPMENT_ASSET_PATHS = "\"HRC/Preview Content\"";
				DEVELOPMENT_TEAM = LGU69RG34G;
				ENABLE_PREVIEWS = YES;
				INFOPLIST_FILE = HRC/Info.plist;
				IPHONEOS_DEPLOYMENT_TARGET = 14.0;
				LD_RUNPATH_SEARCH_PATHS = (
					"$(inherited)",
					"@executable_path/Frameworks",
				);
				PRODUCT_BUNDLE_IDENTIFIER = com.Taeminator.HRC;
				PRODUCT_NAME = "$(TARGET_NAME)";
				SWIFT_VERSION = 5.0;
				TARGETED_DEVICE_FAMILY = "1,2";
			};
			name = Release;
		};
/* End XCBuildConfiguration section */

/* Begin XCConfigurationList section */
		34ABF8AA2667DE7500BC055D /* Build configuration list for PBXProject "HRC" */ = {
			isa = XCConfigurationList;
			buildConfigurations = (
				34ABF8BC2667DE7800BC055D /* Debug */,
				34ABF8BD2667DE7800BC055D /* Release */,
			);
			defaultConfigurationIsVisible = 0;
			defaultConfigurationName = Release;
		};
		34ABF8BE2667DE7800BC055D /* Build configuration list for PBXNativeTarget "HRC" */ = {
			isa = XCConfigurationList;
			buildConfigurations = (
				34ABF8BF2667DE7800BC055D /* Debug */,
				34ABF8C02667DE7800BC055D /* Release */,
			);
			defaultConfigurationIsVisible = 0;
			defaultConfigurationName = Release;
		};
/* End XCConfigurationList section */
	};
	rootObject = 34ABF8A72667DE7500BC055D /* Project object */;
}
