// !$*UTF8*$!
{
	archiveVersion = 1;
	classes = {
	};
	objectVersion = 50;
	objects = {

/* Begin PBXBuildFile section */
		3421DEC326A8670200CB4F5F /* FileEditor.swift in Sources */ = {isa = PBXBuildFile; fileRef = 3421DEC226A8670200CB4F5F /* FileEditor.swift */; };
		345D328626AA3CB500677819 /* Menu.xib in Resources */ = {isa = PBXBuildFile; fileRef = 345D328526AA3CB500677819 /* Menu.xib */; };
		34D1BE6726AAA32B0041A601 /* LaunchAppDelegate.swift in Sources */ = {isa = PBXBuildFile; fileRef = 34D1BE6626AAA32B0041A601 /* LaunchAppDelegate.swift */; };
		34D1BE6B26AAA32C0041A601 /* Assets.xcassets in Resources */ = {isa = PBXBuildFile; fileRef = 34D1BE6A26AAA32C0041A601 /* Assets.xcassets */; };
		34D1BE6E26AAA32C0041A601 /* Main.storyboard in Resources */ = {isa = PBXBuildFile; fileRef = 34D1BE6C26AAA32C0041A601 /* Main.storyboard */; };
		34D1BE8326AAA5660041A601 /* ScriptLauncher Launch.app in CopyFiles */ = {isa = PBXBuildFile; fileRef = 34D1BE6426AAA32B0041A601 /* ScriptLauncher Launch.app */; settings = {ATTRIBUTES = (RemoveHeadersOnCopy, ); }; };
		34F815E026A72F4E0006A03D /* AppDelegate.swift in Sources */ = {isa = PBXBuildFile; fileRef = 34F815DF26A72F4E0006A03D /* AppDelegate.swift */; };
		34F815E226A72F4E0006A03D /* ViewController.swift in Sources */ = {isa = PBXBuildFile; fileRef = 34F815E126A72F4E0006A03D /* ViewController.swift */; };
		34F815E426A72F4F0006A03D /* Assets.xcassets in Resources */ = {isa = PBXBuildFile; fileRef = 34F815E326A72F4F0006A03D /* Assets.xcassets */; };
		34F815E726A72F4F0006A03D /* Main.storyboard in Resources */ = {isa = PBXBuildFile; fileRef = 34F815E526A72F4F0006A03D /* Main.storyboard */; };
/* End PBXBuildFile section */

/* Begin PBXCopyFilesBuildPhase section */
		34D1BE8226AAA5480041A601 /* CopyFiles */ = {
			isa = PBXCopyFilesBuildPhase;
			buildActionMask = 2147483647;
			dstPath = Contents/Library/LoginItems;
			dstSubfolderSpec = 1;
			files = (
				34D1BE8326AAA5660041A601 /* ScriptLauncher Launch.app in CopyFiles */,
			);
			runOnlyForDeploymentPostprocessing = 0;
		};
/* End PBXCopyFilesBuildPhase section */

/* Begin PBXFileReference section */
		3421DEC226A8670200CB4F5F /* FileEditor.swift */ = {isa = PBXFileReference; lastKnownFileType = sourcecode.swift; path = FileEditor.swift; sourceTree = "<group>"; };
		345D328526AA3CB500677819 /* Menu.xib */ = {isa = PBXFileReference; lastKnownFileType = file.xib; path = Menu.xib; sourceTree = "<group>"; };
		34D1BE6426AAA32B0041A601 /* ScriptLauncher Launch.app */ = {isa = PBXFileReference; explicitFileType = wrapper.application; includeInIndex = 0; path = "ScriptLauncher Launch.app"; sourceTree = BUILT_PRODUCTS_DIR; };
		34D1BE6626AAA32B0041A601 /* LaunchAppDelegate.swift */ = {isa = PBXFileReference; lastKnownFileType = sourcecode.swift; path = LaunchAppDelegate.swift; sourceTree = "<group>"; };
		34D1BE6A26AAA32C0041A601 /* Assets.xcassets */ = {isa = PBXFileReference; lastKnownFileType = folder.assetcatalog; path = Assets.xcassets; sourceTree = "<group>"; };
		34D1BE6D26AAA32C0041A601 /* Base */ = {isa = PBXFileReference; lastKnownFileType = file.storyboard; name = Base; path = Base.lproj/Main.storyboard; sourceTree = "<group>"; };
		34D1BE6F26AAA32C0041A601 /* Info.plist */ = {isa = PBXFileReference; lastKnownFileType = text.plist.xml; path = Info.plist; sourceTree = "<group>"; };
		34D1BE7026AAA32C0041A601 /* ScriptLauncher_Launch.entitlements */ = {isa = PBXFileReference; lastKnownFileType = text.plist.entitlements; path = ScriptLauncher_Launch.entitlements; sourceTree = "<group>"; };
		34F815DC26A72F4E0006A03D /* ScriptLauncher.app */ = {isa = PBXFileReference; explicitFileType = wrapper.application; includeInIndex = 0; path = ScriptLauncher.app; sourceTree = BUILT_PRODUCTS_DIR; };
		34F815DF26A72F4E0006A03D /* AppDelegate.swift */ = {isa = PBXFileReference; lastKnownFileType = sourcecode.swift; path = AppDelegate.swift; sourceTree = "<group>"; };
		34F815E126A72F4E0006A03D /* ViewController.swift */ = {isa = PBXFileReference; lastKnownFileType = sourcecode.swift; path = ViewController.swift; sourceTree = "<group>"; };
		34F815E326A72F4F0006A03D /* Assets.xcassets */ = {isa = PBXFileReference; lastKnownFileType = folder.assetcatalog; path = Assets.xcassets; sourceTree = "<group>"; };
		34F815E626A72F4F0006A03D /* Base */ = {isa = PBXFileReference; lastKnownFileType = file.storyboard; name = Base; path = Base.lproj/Main.storyboard; sourceTree = "<group>"; };
		34F815E826A72F4F0006A03D /* Info.plist */ = {isa = PBXFileReference; lastKnownFileType = text.plist.xml; path = Info.plist; sourceTree = "<group>"; };
		34F815E926A72F4F0006A03D /* ScriptLauncher.entitlements */ = {isa = PBXFileReference; lastKnownFileType = text.plist.entitlements; path = ScriptLauncher.entitlements; sourceTree = "<group>"; };
/* End PBXFileReference section */

/* Begin PBXFrameworksBuildPhase section */
		34D1BE6126AAA32B0041A601 /* Frameworks */ = {
			isa = PBXFrameworksBuildPhase;
			buildActionMask = 2147483647;
			files = (
			);
			runOnlyForDeploymentPostprocessing = 0;
		};
		34F815D926A72F4E0006A03D /* Frameworks */ = {
			isa = PBXFrameworksBuildPhase;
			buildActionMask = 2147483647;
			files = (
			);
			runOnlyForDeploymentPostprocessing = 0;
		};
/* End PBXFrameworksBuildPhase section */

/* Begin PBXGroup section */
		34D1BE6526AAA32B0041A601 /* ScriptLauncher Launch */ = {
			isa = PBXGroup;
			children = (
				34D1BE6626AAA32B0041A601 /* LaunchAppDelegate.swift */,
				34D1BE6A26AAA32C0041A601 /* Assets.xcassets */,
				34D1BE6C26AAA32C0041A601 /* Main.storyboard */,
				34D1BE6F26AAA32C0041A601 /* Info.plist */,
				34D1BE7026AAA32C0041A601 /* ScriptLauncher_Launch.entitlements */,
			);
			path = "ScriptLauncher Launch";
			sourceTree = "<group>";
		};
		34F815D326A72F4E0006A03D = {
			isa = PBXGroup;
			children = (
				34F815DE26A72F4E0006A03D /* ScriptLauncher */,
				34D1BE6526AAA32B0041A601 /* ScriptLauncher Launch */,
				34F815DD26A72F4E0006A03D /* Products */,
			);
			sourceTree = "<group>";
		};
		34F815DD26A72F4E0006A03D /* Products */ = {
			isa = PBXGroup;
			children = (
				34F815DC26A72F4E0006A03D /* ScriptLauncher.app */,
				34D1BE6426AAA32B0041A601 /* ScriptLauncher Launch.app */,
			);
			name = Products;
			sourceTree = "<group>";
		};
		34F815DE26A72F4E0006A03D /* ScriptLauncher */ = {
			isa = PBXGroup;
			children = (
				34F815DF26A72F4E0006A03D /* AppDelegate.swift */,
				34F815E126A72F4E0006A03D /* ViewController.swift */,
				3421DEC226A8670200CB4F5F /* FileEditor.swift */,
				34F815E326A72F4F0006A03D /* Assets.xcassets */,
				34F815E526A72F4F0006A03D /* Main.storyboard */,
				345D328526AA3CB500677819 /* Menu.xib */,
				34F815E826A72F4F0006A03D /* Info.plist */,
				34F815E926A72F4F0006A03D /* ScriptLauncher.entitlements */,
			);
			path = ScriptLauncher;
			sourceTree = "<group>";
		};
/* End PBXGroup section */

/* Begin PBXNativeTarget section */
		34D1BE6326AAA32B0041A601 /* ScriptLauncher Launch */ = {
			isa = PBXNativeTarget;
			buildConfigurationList = 34D1BE7326AAA32C0041A601 /* Build configuration list for PBXNativeTarget "ScriptLauncher Launch" */;
			buildPhases = (
				34D1BE6026AAA32B0041A601 /* Sources */,
				34D1BE6126AAA32B0041A601 /* Frameworks */,
				34D1BE6226AAA32B0041A601 /* Resources */,
			);
			buildRules = (
			);
			dependencies = (
			);
			name = "ScriptLauncher Launch";
			productName = "ScriptLauncher Launch";
			productReference = 34D1BE6426AAA32B0041A601 /* ScriptLauncher Launch.app */;
			productType = "com.apple.product-type.application";
		};
		34F815DB26A72F4E0006A03D /* ScriptLauncher */ = {
			isa = PBXNativeTarget;
			buildConfigurationList = 34F815EC26A72F4F0006A03D /* Build configuration list for PBXNativeTarget "ScriptLauncher" */;
			buildPhases = (
				34F815D826A72F4E0006A03D /* Sources */,
				34F815D926A72F4E0006A03D /* Frameworks */,
				34F815DA26A72F4E0006A03D /* Resources */,
				34D1BE8226AAA5480041A601 /* CopyFiles */,
			);
			buildRules = (
			);
			dependencies = (
			);
			name = ScriptLauncher;
			productName = ScriptLauncher;
			productReference = 34F815DC26A72F4E0006A03D /* ScriptLauncher.app */;
			productType = "com.apple.product-type.application";
		};
/* End PBXNativeTarget section */

/* Begin PBXProject section */
		34F815D426A72F4E0006A03D /* Project object */ = {
			isa = PBXProject;
			attributes = {
				LastSwiftUpdateCheck = 1240;
				LastUpgradeCheck = 1240;
				ORGANIZATIONNAME = "Taemin Yun";
				TargetAttributes = {
					34D1BE6326AAA32B0041A601 = {
						CreatedOnToolsVersion = 12.4;
					};
					34F815DB26A72F4E0006A03D = {
						CreatedOnToolsVersion = 10.1;
					};
				};
			};
			buildConfigurationList = 34F815D726A72F4E0006A03D /* Build configuration list for PBXProject "ScriptLauncher" */;
			compatibilityVersion = "Xcode 9.3";
			developmentRegion = en;
			hasScannedForEncodings = 0;
			knownRegions = (
				en,
				Base,
			);
			mainGroup = 34F815D326A72F4E0006A03D;
			productRefGroup = 34F815DD26A72F4E0006A03D /* Products */;
			projectDirPath = "";
			projectRoot = "";
			targets = (
				34F815DB26A72F4E0006A03D /* ScriptLauncher */,
				34D1BE6326AAA32B0041A601 /* ScriptLauncher Launch */,
			);
		};
/* End PBXProject section */

/* Begin PBXResourcesBuildPhase section */
		34D1BE6226AAA32B0041A601 /* Resources */ = {
			isa = PBXResourcesBuildPhase;
			buildActionMask = 2147483647;
			files = (
				34D1BE6B26AAA32C0041A601 /* Assets.xcassets in Resources */,
				34D1BE6E26AAA32C0041A601 /* Main.storyboard in Resources */,
			);
			runOnlyForDeploymentPostprocessing = 0;
		};
		34F815DA26A72F4E0006A03D /* Resources */ = {
			isa = PBXResourcesBuildPhase;
			buildActionMask = 2147483647;
			files = (
				34F815E426A72F4F0006A03D /* Assets.xcassets in Resources */,
				345D328626AA3CB500677819 /* Menu.xib in Resources */,
				34F815E726A72F4F0006A03D /* Main.storyboard in Resources */,
			);
			runOnlyForDeploymentPostprocessing = 0;
		};
/* End PBXResourcesBuildPhase section */

/* Begin PBXSourcesBuildPhase section */
		34D1BE6026AAA32B0041A601 /* Sources */ = {
			isa = PBXSourcesBuildPhase;
			buildActionMask = 2147483647;
			files = (
				34D1BE6726AAA32B0041A601 /* LaunchAppDelegate.swift in Sources */,
			);
			runOnlyForDeploymentPostprocessing = 0;
		};
		34F815D826A72F4E0006A03D /* Sources */ = {
			isa = PBXSourcesBuildPhase;
			buildActionMask = 2147483647;
			files = (
				34F815E226A72F4E0006A03D /* ViewController.swift in Sources */,
				34F815E026A72F4E0006A03D /* AppDelegate.swift in Sources */,
				3421DEC326A8670200CB4F5F /* FileEditor.swift in Sources */,
			);
			runOnlyForDeploymentPostprocessing = 0;
		};
/* End PBXSourcesBuildPhase section */

/* Begin PBXVariantGroup section */
		34D1BE6C26AAA32C0041A601 /* Main.storyboard */ = {
			isa = PBXVariantGroup;
			children = (
				34D1BE6D26AAA32C0041A601 /* Base */,
			);
			name = Main.storyboard;
			sourceTree = "<group>";
		};
		34F815E526A72F4F0006A03D /* Main.storyboard */ = {
			isa = PBXVariantGroup;
			children = (
				34F815E626A72F4F0006A03D /* Base */,
			);
			name = Main.storyboard;
			sourceTree = "<group>";
		};
/* End PBXVariantGroup section */

/* Begin XCBuildConfiguration section */
		34D1BE7126AAA32C0041A601 /* Debug */ = {
			isa = XCBuildConfiguration;
			buildSettings = {
				ASSETCATALOG_COMPILER_APPICON_NAME = AppIcon;
				ASSETCATALOG_COMPILER_GLOBAL_ACCENT_COLOR_NAME = AccentColor;
				CODE_SIGN_ENTITLEMENTS = "ScriptLauncher Launch/ScriptLauncher_Launch.entitlements";
				CODE_SIGN_STYLE = Automatic;
				COMBINE_HIDPI_IMAGES = YES;
				DEVELOPMENT_TEAM = LGU69RG34G;
				ENABLE_HARDENED_RUNTIME = YES;
				INFOPLIST_FILE = "ScriptLauncher Launch/Info.plist";
				LD_RUNPATH_SEARCH_PATHS = (
					"$(inherited)",
					"@executable_path/../Frameworks",
				);
				MACOSX_DEPLOYMENT_TARGET = 10.13;
				PRODUCT_BUNDLE_IDENTIFIER = "com.Taeminator.ScriptLauncher-Launch";
				PRODUCT_NAME = "$(TARGET_NAME)";
				SKIP_INSTALL = YES;
				SWIFT_VERSION = 5.0;
			};
			name = Debug;
		};
		34D1BE7226AAA32C0041A601 /* Release */ = {
			isa = XCBuildConfiguration;
			buildSettings = {
				ASSETCATALOG_COMPILER_APPICON_NAME = AppIcon;
				ASSETCATALOG_COMPILER_GLOBAL_ACCENT_COLOR_NAME = AccentColor;
				CODE_SIGN_ENTITLEMENTS = "ScriptLauncher Launch/ScriptLauncher_Launch.entitlements";
				CODE_SIGN_STYLE = Automatic;
				COMBINE_HIDPI_IMAGES = YES;
				DEVELOPMENT_TEAM = LGU69RG34G;
				ENABLE_HARDENED_RUNTIME = YES;
				INFOPLIST_FILE = "ScriptLauncher Launch/Info.plist";
				LD_RUNPATH_SEARCH_PATHS = (
					"$(inherited)",
					"@executable_path/../Frameworks",
				);
				MACOSX_DEPLOYMENT_TARGET = 10.13;
				PRODUCT_BUNDLE_IDENTIFIER = "com.Taeminator.ScriptLauncher-Launch";
				PRODUCT_NAME = "$(TARGET_NAME)";
				SKIP_INSTALL = YES;
				SWIFT_VERSION = 5.0;
			};
			name = Release;
		};
		34F815EA26A72F4F0006A03D /* Debug */ = {
			isa = XCBuildConfiguration;
			buildSettings = {
				ALWAYS_SEARCH_USER_PATHS = NO;
				CLANG_ANALYZER_NONNULL = YES;
				CLANG_ANALYZER_NUMBER_OBJECT_CONVERSION = YES_AGGRESSIVE;
				CLANG_CXX_LANGUAGE_STANDARD = "gnu++14";
				CLANG_CXX_LIBRARY = "libc++";
				CLANG_ENABLE_MODULES = YES;
				CLANG_ENABLE_OBJC_ARC = YES;
				CLANG_ENABLE_OBJC_WEAK = YES;
				CLANG_WARN_BLOCK_CAPTURE_AUTORELEASING = YES;
				CLANG_WARN_BOOL_CONVERSION = YES;
				CLANG_WARN_COMMA = YES;
				CLANG_WARN_CONSTANT_CONVERSION = YES;
				CLANG_WARN_DEPRECATED_OBJC_IMPLEMENTATIONS = YES;
				CLANG_WARN_DIRECT_OBJC_ISA_USAGE = YES_ERROR;
				CLANG_WARN_DOCUMENTATION_COMMENTS = YES;
				CLANG_WARN_EMPTY_BODY = YES;
				CLANG_WARN_ENUM_CONVERSION = YES;
				CLANG_WARN_INFINITE_RECURSION = YES;
				CLANG_WARN_INT_CONVERSION = YES;
				CLANG_WARN_NON_LITERAL_NULL_CONVERSION = YES;
				CLANG_WARN_OBJC_IMPLICIT_RETAIN_SELF = YES;
				CLANG_WARN_OBJC_LITERAL_CONVERSION = YES;
				CLANG_WARN_OBJC_ROOT_CLASS = YES_ERROR;
				CLANG_WARN_QUOTED_INCLUDE_IN_FRAMEWORK_HEADER = YES;
				CLANG_WARN_RANGE_LOOP_ANALYSIS = YES;
				CLANG_WARN_STRICT_PROTOTYPES = YES;
				CLANG_WARN_SUSPICIOUS_MOVE = YES;
				CLANG_WARN_UNGUARDED_AVAILABILITY = YES_AGGRESSIVE;
				CLANG_WARN_UNREACHABLE_CODE = YES;
				CLANG_WARN__DUPLICATE_METHOD_MATCH = YES;
				CODE_SIGN_IDENTITY = "-";
				COPY_PHASE_STRIP = NO;
				DEBUG_INFORMATION_FORMAT = dwarf;
				ENABLE_STRICT_OBJC_MSGSEND = YES;
				ENABLE_TESTABILITY = YES;
				GCC_C_LANGUAGE_STANDARD = gnu11;
				GCC_DYNAMIC_NO_PIC = NO;
				GCC_NO_COMMON_BLOCKS = YES;
				GCC_OPTIMIZATION_LEVEL = 0;
				GCC_PREPROCESSOR_DEFINITIONS = (
					"DEBUG=1",
					"$(inherited)",
				);
				GCC_WARN_64_TO_32_BIT_CONVERSION = YES;
				GCC_WARN_ABOUT_RETURN_TYPE = YES_ERROR;
				GCC_WARN_UNDECLARED_SELECTOR = YES;
				GCC_WARN_UNINITIALIZED_AUTOS = YES_AGGRESSIVE;
				GCC_WARN_UNUSED_FUNCTION = YES;
				GCC_WARN_UNUSED_VARIABLE = YES;
				MACOSX_DEPLOYMENT_TARGET = 10.13;
				MTL_ENABLE_DEBUG_INFO = INCLUDE_SOURCE;
				MTL_FAST_MATH = YES;
				ONLY_ACTIVE_ARCH = YES;
				SDKROOT = macosx;
				SWIFT_ACTIVE_COMPILATION_CONDITIONS = DEBUG;
				SWIFT_OPTIMIZATION_LEVEL = "-Onone";
			};
			name = Debug;
		};
		34F815EB26A72F4F0006A03D /* Release */ = {
			isa = XCBuildConfiguration;
			buildSettings = {
				ALWAYS_SEARCH_USER_PATHS = NO;
				CLANG_ANALYZER_NONNULL = YES;
				CLANG_ANALYZER_NUMBER_OBJECT_CONVERSION = YES_AGGRESSIVE;
				CLANG_CXX_LANGUAGE_STANDARD = "gnu++14";
				CLANG_CXX_LIBRARY = "libc++";
				CLANG_ENABLE_MODULES = YES;
				CLANG_ENABLE_OBJC_ARC = YES;
				CLANG_ENABLE_OBJC_WEAK = YES;
				CLANG_WARN_BLOCK_CAPTURE_AUTORELEASING = YES;
				CLANG_WARN_BOOL_CONVERSION = YES;
				CLANG_WARN_COMMA = YES;
				CLANG_WARN_CONSTANT_CONVERSION = YES;
				CLANG_WARN_DEPRECATED_OBJC_IMPLEMENTATIONS = YES;
				CLANG_WARN_DIRECT_OBJC_ISA_USAGE = YES_ERROR;
				CLANG_WARN_DOCUMENTATION_COMMENTS = YES;
				CLANG_WARN_EMPTY_BODY = YES;
				CLANG_WARN_ENUM_CONVERSION = YES;
				CLANG_WARN_INFINITE_RECURSION = YES;
				CLANG_WARN_INT_CONVERSION = YES;
				CLANG_WARN_NON_LITERAL_NULL_CONVERSION = YES;
				CLANG_WARN_OBJC_IMPLICIT_RETAIN_SELF = YES;
				CLANG_WARN_OBJC_LITERAL_CONVERSION = YES;
				CLANG_WARN_OBJC_ROOT_CLASS = YES_ERROR;
				CLANG_WARN_QUOTED_INCLUDE_IN_FRAMEWORK_HEADER = YES;
				CLANG_WARN_RANGE_LOOP_ANALYSIS = YES;
				CLANG_WARN_STRICT_PROTOTYPES = YES;
				CLANG_WARN_SUSPICIOUS_MOVE = YES;
				CLANG_WARN_UNGUARDED_AVAILABILITY = YES_AGGRESSIVE;
				CLANG_WARN_UNREACHABLE_CODE = YES;
				CLANG_WARN__DUPLICATE_METHOD_MATCH = YES;
				CODE_SIGN_IDENTITY = "-";
				COPY_PHASE_STRIP = NO;
				DEBUG_INFORMATION_FORMAT = "dwarf-with-dsym";
				ENABLE_NS_ASSERTIONS = NO;
				ENABLE_STRICT_OBJC_MSGSEND = YES;
				GCC_C_LANGUAGE_STANDARD = gnu11;
				GCC_NO_COMMON_BLOCKS = YES;
				GCC_WARN_64_TO_32_BIT_CONVERSION = YES;
				GCC_WARN_ABOUT_RETURN_TYPE = YES_ERROR;
				GCC_WARN_UNDECLARED_SELECTOR = YES;
				GCC_WARN_UNINITIALIZED_AUTOS = YES_AGGRESSIVE;
				GCC_WARN_UNUSED_FUNCTION = YES;
				GCC_WARN_UNUSED_VARIABLE = YES;
				MACOSX_DEPLOYMENT_TARGET = 10.13;
				MTL_ENABLE_DEBUG_INFO = NO;
				MTL_FAST_MATH = YES;
				SDKROOT = macosx;
				SWIFT_COMPILATION_MODE = wholemodule;
				SWIFT_OPTIMIZATION_LEVEL = "-O";
			};
			name = Release;
		};
		34F815ED26A72F4F0006A03D /* Debug */ = {
			isa = XCBuildConfiguration;
			buildSettings = {
				ASSETCATALOG_COMPILER_APPICON_NAME = AppIcon;
				CODE_SIGN_ENTITLEMENTS = ScriptLauncher/ScriptLauncher.entitlements;
				CODE_SIGN_IDENTITY = "-";
				CODE_SIGN_STYLE = Automatic;
				COMBINE_HIDPI_IMAGES = YES;
				INFOPLIST_FILE = ScriptLauncher/Info.plist;
				LD_RUNPATH_SEARCH_PATHS = (
					"$(inherited)",
					"@executable_path/../Frameworks",
				);
				PRODUCT_BUNDLE_IDENTIFIER = com.Taeminator.ScriptLauncher;
				PRODUCT_NAME = "$(TARGET_NAME)";
				SWIFT_VERSION = 4.2;
			};
			name = Debug;
		};
		34F815EE26A72F4F0006A03D /* Release */ = {
			isa = XCBuildConfiguration;
			buildSettings = {
				ASSETCATALOG_COMPILER_APPICON_NAME = AppIcon;
				CODE_SIGN_ENTITLEMENTS = ScriptLauncher/ScriptLauncher.entitlements;
				CODE_SIGN_IDENTITY = "-";
				CODE_SIGN_STYLE = Automatic;
				COMBINE_HIDPI_IMAGES = YES;
				INFOPLIST_FILE = ScriptLauncher/Info.plist;
				LD_RUNPATH_SEARCH_PATHS = (
					"$(inherited)",
					"@executable_path/../Frameworks",
				);
				PRODUCT_BUNDLE_IDENTIFIER = com.Taeminator.ScriptLauncher;
				PRODUCT_NAME = "$(TARGET_NAME)";
				SWIFT_VERSION = 4.2;
			};
			name = Release;
		};
/* End XCBuildConfiguration section */

/* Begin XCConfigurationList section */
		34D1BE7326AAA32C0041A601 /* Build configuration list for PBXNativeTarget "ScriptLauncher Launch" */ = {
			isa = XCConfigurationList;
			buildConfigurations = (
				34D1BE7126AAA32C0041A601 /* Debug */,
				34D1BE7226AAA32C0041A601 /* Release */,
			);
			defaultConfigurationIsVisible = 0;
			defaultConfigurationName = Release;
		};
		34F815D726A72F4E0006A03D /* Build configuration list for PBXProject "ScriptLauncher" */ = {
			isa = XCConfigurationList;
			buildConfigurations = (
				34F815EA26A72F4F0006A03D /* Debug */,
				34F815EB26A72F4F0006A03D /* Release */,
			);
			defaultConfigurationIsVisible = 0;
			defaultConfigurationName = Release;
		};
		34F815EC26A72F4F0006A03D /* Build configuration list for PBXNativeTarget "ScriptLauncher" */ = {
			isa = XCConfigurationList;
			buildConfigurations = (
				34F815ED26A72F4F0006A03D /* Debug */,
				34F815EE26A72F4F0006A03D /* Release */,
			);
			defaultConfigurationIsVisible = 0;
			defaultConfigurationName = Release;
		};
/* End XCConfigurationList section */
	};
	rootObject = 34F815D426A72F4E0006A03D /* Project object */;
}
